
Microsoft Visual Studio Solution File, Format Version 12.00
# Visual Studio Version 17
VisualStudioVersion = 17.14.36202.13 d17.14
MinimumVisualStudioVersion = 10.0.40219.1
Project("{FAE04EC0-301F-11D3-BF4B-00C04F79EFBC}") = "dont_touch_my_password", "dont_touch_my_password\dont_touch_my_password.csproj", "{3C534C9B-6AA3-046B-256A-0C9433C49C12}"
EndProject
Project("{FAE04EC0-301F-11D3-BF4B-00C04F79EFBC}") = "dont_touch_my_password.Desktop", "dont_touch_my_password.Desktop\dont_touch_my_password.Desktop.csproj", "{3D1A0D99-8818-5A1C-B534-5BFE6799D198}"
EndProject
Global
	GlobalSection(SolutionConfigurationPlatforms) = preSolution
		Debug|Any CPU = Debug|Any CPU
		Release|Any CPU = Release|Any CPU
	EndGlobalSection
	GlobalSection(ProjectConfigurationPlatforms) = postSolution
		{3C534C9B-6AA3-046B-256A-0C9433C49C12}.Debug|Any CPU.ActiveCfg = Debug|Any CPU
		{3C534C9B-6AA3-046B-256A-0C9433C49C12}.Debug|Any CPU.Build.0 = Debug|Any CPU
		{3C534C9B-6AA3-046B-256A-0C9433C49C12}.Release|Any CPU.ActiveCfg = Release|Any CPU
		{3C534C9B-6AA3-046B-256A-0C9433C49C12}.Release|Any CPU.Build.0 = Release|Any CPU
		{3D1A0D99-8818-5A1C-B534-5BFE6799D198}.Debug|Any CPU.ActiveCfg = Debug|Any CPU
		{3D1A0D99-8818-5A1C-B534-5BFE6799D198}.Debug|Any CPU.Build.0 = Debug|Any CPU
		{3D1A0D99-8818-5A1C-B534-5BFE6799D198}.Release|Any CPU.ActiveCfg = Release|Any CPU
		{3D1A0D99-8818-5A1C-B534-5BFE6799D198}.Release|Any CPU.Build.0 = Release|Any CPU
	EndGlobalSection
	GlobalSection(SolutionProperties) = preSolution
		HideSolutionNode = FALSE
	EndGlobalSection
	GlobalSection(ExtensibilityGlobals) = postSolution
		SolutionGuid = {7A4307C2-0E36-4E49-9D06-BE58645AAAB5}
	EndGlobalSection
EndGlobal
